// !$*UTF8*$!
{
	archiveVersion = 1;
	classes = {
	};
	objectVersion = 46;
	objects = {

/* Begin PBXBuildFile section */
		BE148E3C1F0F1320001C8221 /* AppDelegate.swift in Sources */ = {isa = PBXBuildFile; fileRef = BE148E3B1F0F1320001C8221 /* AppDelegate.swift */; };
		BE148E3E1F0F1320001C8221 /* ViewController.swift in Sources */ = {isa = PBXBuildFile; fileRef = BE148E3D1F0F1320001C8221 /* ViewController.swift */; };
		BE148E411F0F1320001C8221 /* Main.storyboard in Resources */ = {isa = PBXBuildFile; fileRef = BE148E3F1F0F1320001C8221 /* Main.storyboard */; };
		BE148E461F0F1320001C8221 /* LaunchScreen.storyboard in Resources */ = {isa = PBXBuildFile; fileRef = BE148E441F0F1320001C8221 /* LaunchScreen.storyboard */; };
		BE148E511F0F1320001C8221 /* TotoroTalkTests.swift in Sources */ = {isa = PBXBuildFile; fileRef = BE148E501F0F1320001C8221 /* TotoroTalkTests.swift */; };
		BE148E5C1F0F1320001C8221 /* TotoroTalkUITests.swift in Sources */ = {isa = PBXBuildFile; fileRef = BE148E5B1F0F1320001C8221 /* TotoroTalkUITests.swift */; };
		BE148E6E1F0F8B04001C8221 /* SoundControl.swift in Sources */ = {isa = PBXBuildFile; fileRef = BE148E6D1F0F8B04001C8221 /* SoundControl.swift */; };
		BE41536E20770676007F85D3 /* BaseConstants.swift in Sources */ = {isa = PBXBuildFile; fileRef = BE41536D20770676007F85D3 /* BaseConstants.swift */; };
		BE41537D20771298007F85D3 /* marriage_despute_002.mp3 in Resources */ = {isa = PBXBuildFile; fileRef = BE41536F20771297007F85D3 /* marriage_despute_002.mp3 */; };
		BE41537E20771298007F85D3 /* bb_happy_005.mp3 in Resources */ = {isa = PBXBuildFile; fileRef = BE41537020771297007F85D3 /* bb_happy_005.mp3 */; };
		BE41537F20771298007F85D3 /* contact_008.mp3 in Resources */ = {isa = PBXBuildFile; fileRef = BE41537120771297007F85D3 /* contact_008.mp3 */; };
		BE41538020771298007F85D3 /* dont_hurt_me_012.mp3 in Resources */ = {isa = PBXBuildFile; fileRef = BE41537220771298007F85D3 /* dont_hurt_me_012.mp3 */; };
		BE41538120771298007F85D3 /* protest_013.mp3 in Resources */ = {isa = PBXBuildFile; fileRef = BE41537320771298007F85D3 /* protest_013.mp3 */; };
		BE41538220771298007F85D3 /* mother_answer_bb_feed_care_004.mp3 in Resources */ = {isa = PBXBuildFile; fileRef = BE41537420771298007F85D3 /* mother_answer_bb_feed_care_004.mp3 */; };
		BE41538320771298007F85D3 /* defence_014.mp3 in Resources */ = {isa = PBXBuildFile; fileRef = BE41537520771298007F85D3 /* defence_014.mp3 */; };
		BE41538420771298007F85D3 /* bb_want_feed_care_003.mp3 in Resources */ = {isa = PBXBuildFile; fileRef = BE41537620771298007F85D3 /* bb_want_feed_care_003.mp3 */; };
		BE41538520771298007F85D3 /* feed_pet_009.mp3 in Resources */ = {isa = PBXBuildFile; fileRef = BE41537720771298007F85D3 /* feed_pet_009.mp3 */; };
		BE41538620771298007F85D3 /* bb_sleepy_006.mp3 in Resources */ = {isa = PBXBuildFile; fileRef = BE41537820771298007F85D3 /* bb_sleepy_006.mp3 */; };
		BE41538720771298007F85D3 /* warning_001.mp3 in Resources */ = {isa = PBXBuildFile; fileRef = BE41537920771298007F85D3 /* warning_001.mp3 */; };
		BE41538820771298007F85D3 /* bb_wakeup_007.mp3 in Resources */ = {isa = PBXBuildFile; fileRef = BE41537A20771298007F85D3 /* bb_wakeup_007.mp3 */; };
		BE41538920771298007F85D3 /* call_partner_010.mp3 in Resources */ = {isa = PBXBuildFile; fileRef = BE41537B20771298007F85D3 /* call_partner_010.mp3 */; };
		BE41538A20771298007F85D3 /* lonely_010.mp3 in Resources */ = {isa = PBXBuildFile; fileRef = BE41537C20771298007F85D3 /* lonely_010.mp3 */; };
		BE41538C207755E5007F85D3 /* TPSOundButton.swift in Sources */ = {isa = PBXBuildFile; fileRef = BE41538B207755E5007F85D3 /* TPSOundButton.swift */; };
		BE52917E2077620E00060044 /* Assets.xcassets in Resources */ = {isa = PBXBuildFile; fileRef = BE52917D2077620E00060044 /* Assets.xcassets */; };
		BED3D13E1F107C9C007DB48B /* SoundPlayModalViewController.swift in Sources */ = {isa = PBXBuildFile; fileRef = BED3D13D1F107C9C007DB48B /* SoundPlayModalViewController.swift */; };
		BED3D1411F107DF0007DB48B /* TPSound.swift in Sources */ = {isa = PBXBuildFile; fileRef = BED3D1401F107DF0007DB48B /* TPSound.swift */; };
/* End PBXBuildFile section */

/* Begin PBXContainerItemProxy section */
		BE148E4D1F0F1320001C8221 /* PBXContainerItemProxy */ = {
			isa = PBXContainerItemProxy;
			containerPortal = BE148E301F0F131F001C8221 /* Project object */;
			proxyType = 1;
			remoteGlobalIDString = BE148E371F0F131F001C8221;
			remoteInfo = TotoroTalk;
		};
		BE148E581F0F1320001C8221 /* PBXContainerItemProxy */ = {
			isa = PBXContainerItemProxy;
			containerPortal = BE148E301F0F131F001C8221 /* Project object */;
			proxyType = 1;
			remoteGlobalIDString = BE148E371F0F131F001C8221;
			remoteInfo = TotoroTalk;
		};
/* End PBXContainerItemProxy section */

/* Begin PBXFileReference section */
		BE148E381F0F1320001C8221 /* TotoroTalk.app */ = {isa = PBXFileReference; explicitFileType = wrapper.application; includeInIndex = 0; path = TotoroTalk.app; sourceTree = BUILT_PRODUCTS_DIR; };
		BE148E3B1F0F1320001C8221 /* AppDelegate.swift */ = {isa = PBXFileReference; lastKnownFileType = sourcecode.swift; path = AppDelegate.swift; sourceTree = "<group>"; };
		BE148E3D1F0F1320001C8221 /* ViewController.swift */ = {isa = PBXFileReference; lastKnownFileType = sourcecode.swift; path = ViewController.swift; sourceTree = "<group>"; };
		BE148E401F0F1320001C8221 /* Base */ = {isa = PBXFileReference; lastKnownFileType = file.storyboard; name = Base; path = Base.lproj/Main.storyboard; sourceTree = "<group>"; };
		BE148E451F0F1320001C8221 /* Base */ = {isa = PBXFileReference; lastKnownFileType = file.storyboard; name = Base; path = Base.lproj/LaunchScreen.storyboard; sourceTree = "<group>"; };
		BE148E471F0F1320001C8221 /* Info.plist */ = {isa = PBXFileReference; lastKnownFileType = text.plist.xml; path = Info.plist; sourceTree = "<group>"; };
		BE148E4C1F0F1320001C8221 /* TotoroTalkTests.xctest */ = {isa = PBXFileReference; explicitFileType = wrapper.cfbundle; includeInIndex = 0; path = TotoroTalkTests.xctest; sourceTree = BUILT_PRODUCTS_DIR; };
		BE148E501F0F1320001C8221 /* TotoroTalkTests.swift */ = {isa = PBXFileReference; lastKnownFileType = sourcecode.swift; path = TotoroTalkTests.swift; sourceTree = "<group>"; };
		BE148E521F0F1320001C8221 /* Info.plist */ = {isa = PBXFileReference; lastKnownFileType = text.plist.xml; path = Info.plist; sourceTree = "<group>"; };
		BE148E571F0F1320001C8221 /* TotoroTalkUITests.xctest */ = {isa = PBXFileReference; explicitFileType = wrapper.cfbundle; includeInIndex = 0; path = TotoroTalkUITests.xctest; sourceTree = BUILT_PRODUCTS_DIR; };
		BE148E5B1F0F1320001C8221 /* TotoroTalkUITests.swift */ = {isa = PBXFileReference; lastKnownFileType = sourcecode.swift; path = TotoroTalkUITests.swift; sourceTree = "<group>"; };
		BE148E5D1F0F1320001C8221 /* Info.plist */ = {isa = PBXFileReference; lastKnownFileType = text.plist.xml; path = Info.plist; sourceTree = "<group>"; };
		BE148E6D1F0F8B04001C8221 /* SoundControl.swift */ = {isa = PBXFileReference; fileEncoding = 4; lastKnownFileType = sourcecode.swift; path = SoundControl.swift; sourceTree = "<group>"; };
		BE41536D20770676007F85D3 /* BaseConstants.swift */ = {isa = PBXFileReference; lastKnownFileType = sourcecode.swift; path = BaseConstants.swift; sourceTree = "<group>"; };
		BE41536F20771297007F85D3 /* marriage_despute_002.mp3 */ = {isa = PBXFileReference; lastKnownFileType = audio.mp3; path = marriage_despute_002.mp3; sourceTree = "<group>"; };
		BE41537020771297007F85D3 /* bb_happy_005.mp3 */ = {isa = PBXFileReference; lastKnownFileType = audio.mp3; path = bb_happy_005.mp3; sourceTree = "<group>"; };
		BE41537120771297007F85D3 /* contact_008.mp3 */ = {isa = PBXFileReference; lastKnownFileType = audio.mp3; path = contact_008.mp3; sourceTree = "<group>"; };
		BE41537220771298007F85D3 /* dont_hurt_me_012.mp3 */ = {isa = PBXFileReference; lastKnownFileType = audio.mp3; path = dont_hurt_me_012.mp3; sourceTree = "<group>"; };
		BE41537320771298007F85D3 /* protest_013.mp3 */ = {isa = PBXFileReference; lastKnownFileType = audio.mp3; path = protest_013.mp3; sourceTree = "<group>"; };
		BE41537420771298007F85D3 /* mother_answer_bb_feed_care_004.mp3 */ = {isa = PBXFileReference; lastKnownFileType = audio.mp3; path = mother_answer_bb_feed_care_004.mp3; sourceTree = "<group>"; };
		BE41537520771298007F85D3 /* defence_014.mp3 */ = {isa = PBXFileReference; lastKnownFileType = audio.mp3; path = defence_014.mp3; sourceTree = "<group>"; };
		BE41537620771298007F85D3 /* bb_want_feed_care_003.mp3 */ = {isa = PBXFileReference; lastKnownFileType = audio.mp3; path = bb_want_feed_care_003.mp3; sourceTree = "<group>"; };
		BE41537720771298007F85D3 /* feed_pet_009.mp3 */ = {isa = PBXFileReference; lastKnownFileType = audio.mp3; path = feed_pet_009.mp3; sourceTree = "<group>"; };
		BE41537820771298007F85D3 /* bb_sleepy_006.mp3 */ = {isa = PBXFileReference; lastKnownFileType = audio.mp3; path = bb_sleepy_006.mp3; sourceTree = "<group>"; };
		BE41537920771298007F85D3 /* warning_001.mp3 */ = {isa = PBXFileReference; lastKnownFileType = audio.mp3; path = warning_001.mp3; sourceTree = "<group>"; };
		BE41537A20771298007F85D3 /* bb_wakeup_007.mp3 */ = {isa = PBXFileReference; lastKnownFileType = audio.mp3; path = bb_wakeup_007.mp3; sourceTree = "<group>"; };
		BE41537B20771298007F85D3 /* call_partner_010.mp3 */ = {isa = PBXFileReference; lastKnownFileType = audio.mp3; path = call_partner_010.mp3; sourceTree = "<group>"; };
		BE41537C20771298007F85D3 /* lonely_010.mp3 */ = {isa = PBXFileReference; lastKnownFileType = audio.mp3; path = lonely_010.mp3; sourceTree = "<group>"; };
		BE41538B207755E5007F85D3 /* TPSOundButton.swift */ = {isa = PBXFileReference; lastKnownFileType = sourcecode.swift; path = TPSOundButton.swift; sourceTree = "<group>"; };
		BE52917D2077620E00060044 /* Assets.xcassets */ = {isa = PBXFileReference; lastKnownFileType = folder.assetcatalog; path = Assets.xcassets; sourceTree = "<group>"; };
		BE52917F2077928D00060044 /* zh-Hans */ = {isa = PBXFileReference; lastKnownFileType = text.plist.strings; name = "zh-Hans"; path = "zh-Hans.lproj/LaunchScreen.strings"; sourceTree = "<group>"; };
		BE5291802077928D00060044 /* zh-Hans */ = {isa = PBXFileReference; lastKnownFileType = text.plist.strings; name = "zh-Hans"; path = "zh-Hans.lproj/Main.strings"; sourceTree = "<group>"; };
		BED3D13D1F107C9C007DB48B /* SoundPlayModalViewController.swift */ = {isa = PBXFileReference; fileEncoding = 4; lastKnownFileType = sourcecode.swift; path = SoundPlayModalViewController.swift; sourceTree = "<group>"; };
		BED3D1401F107DF0007DB48B /* TPSound.swift */ = {isa = PBXFileReference; fileEncoding = 4; lastKnownFileType = sourcecode.swift; path = TPSound.swift; sourceTree = "<group>"; };
/* End PBXFileReference section */

/* Begin PBXFrameworksBuildPhase section */
		BE148E351F0F131F001C8221 /* Frameworks */ = {
			isa = PBXFrameworksBuildPhase;
			buildActionMask = 2147483647;
			files = (
			);
			runOnlyForDeploymentPostprocessing = 0;
		};
		BE148E491F0F1320001C8221 /* Frameworks */ = {
			isa = PBXFrameworksBuildPhase;
			buildActionMask = 2147483647;
			files = (
			);
			runOnlyForDeploymentPostprocessing = 0;
		};
		BE148E541F0F1320001C8221 /* Frameworks */ = {
			isa = PBXFrameworksBuildPhase;
			buildActionMask = 2147483647;
			files = (
			);
			runOnlyForDeploymentPostprocessing = 0;
		};
/* End PBXFrameworksBuildPhase section */

/* Begin PBXGroup section */
		BE148E2F1F0F131F001C8221 = {
			isa = PBXGroup;
			children = (
				BE148E441F0F1320001C8221 /* LaunchScreen.storyboard */,
				BE148E3A1F0F1320001C8221 /* TotoroTalk */,
				BE148E4F1F0F1320001C8221 /* TotoroTalkTests */,
				BE148E5A1F0F1320001C8221 /* TotoroTalkUITests */,
				BE148E391F0F1320001C8221 /* Products */,
			);
			sourceTree = "<group>";
		};
		BE148E391F0F1320001C8221 /* Products */ = {
			isa = PBXGroup;
			children = (
				BE148E381F0F1320001C8221 /* TotoroTalk.app */,
				BE148E4C1F0F1320001C8221 /* TotoroTalkTests.xctest */,
				BE148E571F0F1320001C8221 /* TotoroTalkUITests.xctest */,
			);
			name = Products;
			sourceTree = "<group>";
		};
		BE148E3A1F0F1320001C8221 /* TotoroTalk */ = {
			isa = PBXGroup;
			children = (
				BE41536C20770647007F85D3 /* Library */,
				BED3D13F1F107DDD007DB48B /* models */,
				BE148E691F0F15E4001C8221 /* ViewControllers */,
				BE148E6C1F0F1D53001C8221 /* Sotryboards */,
				BE148E6A1F0F1BE1001C8221 /* Resources */,
				BE52917D2077620E00060044 /* Assets.xcassets */,
				BE148E3B1F0F1320001C8221 /* AppDelegate.swift */,
				BE148E471F0F1320001C8221 /* Info.plist */,
				BE148E6D1F0F8B04001C8221 /* SoundControl.swift */,
			);
			path = TotoroTalk;
			sourceTree = "<group>";
		};
		BE148E4F1F0F1320001C8221 /* TotoroTalkTests */ = {
			isa = PBXGroup;
			children = (
				BE148E501F0F1320001C8221 /* TotoroTalkTests.swift */,
				BE148E521F0F1320001C8221 /* Info.plist */,
			);
			path = TotoroTalkTests;
			sourceTree = "<group>";
		};
		BE148E5A1F0F1320001C8221 /* TotoroTalkUITests */ = {
			isa = PBXGroup;
			children = (
				BE148E5B1F0F1320001C8221 /* TotoroTalkUITests.swift */,
				BE148E5D1F0F1320001C8221 /* Info.plist */,
			);
			path = TotoroTalkUITests;
			sourceTree = "<group>";
		};
		BE148E691F0F15E4001C8221 /* ViewControllers */ = {
			isa = PBXGroup;
			children = (
				BE41538B207755E5007F85D3 /* TPSOundButton.swift */,
				BE148E3D1F0F1320001C8221 /* ViewController.swift */,
				BED3D13D1F107C9C007DB48B /* SoundPlayModalViewController.swift */,
			);
			name = ViewControllers;
			sourceTree = "<group>";
		};
		BE148E6A1F0F1BE1001C8221 /* Resources */ = {
			isa = PBXGroup;
			children = (
				BE148E6B1F0F1BF4001C8221 /* Sounds */,
			);
			name = Resources;
			sourceTree = "<group>";
		};
		BE148E6B1F0F1BF4001C8221 /* Sounds */ = {
			isa = PBXGroup;
			children = (
				BE41537020771297007F85D3 /* bb_happy_005.mp3 */,
				BE41537820771298007F85D3 /* bb_sleepy_006.mp3 */,
				BE41537A20771298007F85D3 /* bb_wakeup_007.mp3 */,
				BE41537620771298007F85D3 /* bb_want_feed_care_003.mp3 */,
				BE41537B20771298007F85D3 /* call_partner_010.mp3 */,
				BE41537120771297007F85D3 /* contact_008.mp3 */,
				BE41537520771298007F85D3 /* defence_014.mp3 */,
				BE41537220771298007F85D3 /* dont_hurt_me_012.mp3 */,
				BE41537720771298007F85D3 /* feed_pet_009.mp3 */,
				BE41537C20771298007F85D3 /* lonely_010.mp3 */,
				BE41536F20771297007F85D3 /* marriage_despute_002.mp3 */,
				BE41537420771298007F85D3 /* mother_answer_bb_feed_care_004.mp3 */,
				BE41537320771298007F85D3 /* protest_013.mp3 */,
				BE41537920771298007F85D3 /* warning_001.mp3 */,
			);
			name = Sounds;
			sourceTree = "<group>";
		};
		BE148E6C1F0F1D53001C8221 /* Sotryboards */ = {
			isa = PBXGroup;
			children = (
				BE148E3F1F0F1320001C8221 /* Main.storyboard */,
			);
			name = Sotryboards;
			sourceTree = "<group>";
		};
		BE41536C20770647007F85D3 /* Library */ = {
			isa = PBXGroup;
			children = (
				BE41536D20770676007F85D3 /* BaseConstants.swift */,
			);
			path = Library;
			sourceTree = "<group>";
		};
		BED3D13F1F107DDD007DB48B /* models */ = {
			isa = PBXGroup;
			children = (
				BED3D1401F107DF0007DB48B /* TPSound.swift */,
			);
			name = models;
			sourceTree = "<group>";
		};
/* End PBXGroup section */

/* Begin PBXNativeTarget section */
		BE148E371F0F131F001C8221 /* TotoroTalk */ = {
			isa = PBXNativeTarget;
			buildConfigurationList = BE148E601F0F1320001C8221 /* Build configuration list for PBXNativeTarget "TotoroTalk" */;
			buildPhases = (
				BE148E341F0F131F001C8221 /* Sources */,
				BE148E351F0F131F001C8221 /* Frameworks */,
				BE148E361F0F131F001C8221 /* Resources */,
			);
			buildRules = (
			);
			dependencies = (
			);
			name = TotoroTalk;
			productName = TotoroTalk;
			productReference = BE148E381F0F1320001C8221 /* TotoroTalk.app */;
			productType = "com.apple.product-type.application";
		};
		BE148E4B1F0F1320001C8221 /* TotoroTalkTests */ = {
			isa = PBXNativeTarget;
			buildConfigurationList = BE148E631F0F1320001C8221 /* Build configuration list for PBXNativeTarget "TotoroTalkTests" */;
			buildPhases = (
				BE148E481F0F1320001C8221 /* Sources */,
				BE148E491F0F1320001C8221 /* Frameworks */,
				BE148E4A1F0F1320001C8221 /* Resources */,
			);
			buildRules = (
			);
			dependencies = (
				BE148E4E1F0F1320001C8221 /* PBXTargetDependency */,
			);
			name = TotoroTalkTests;
			productName = TotoroTalkTests;
			productReference = BE148E4C1F0F1320001C8221 /* TotoroTalkTests.xctest */;
			productType = "com.apple.product-type.bundle.unit-test";
		};
		BE148E561F0F1320001C8221 /* TotoroTalkUITests */ = {
			isa = PBXNativeTarget;
			buildConfigurationList = BE148E661F0F1320001C8221 /* Build configuration list for PBXNativeTarget "TotoroTalkUITests" */;
			buildPhases = (
				BE148E531F0F1320001C8221 /* Sources */,
				BE148E541F0F1320001C8221 /* Frameworks */,
				BE148E551F0F1320001C8221 /* Resources */,
			);
			buildRules = (
			);
			dependencies = (
				BE148E591F0F1320001C8221 /* PBXTargetDependency */,
			);
			name = TotoroTalkUITests;
			productName = TotoroTalkUITests;
			productReference = BE148E571F0F1320001C8221 /* TotoroTalkUITests.xctest */;
			productType = "com.apple.product-type.bundle.ui-testing";
		};
/* End PBXNativeTarget section */

/* Begin PBXProject section */
		BE148E301F0F131F001C8221 /* Project object */ = {
			isa = PBXProject;
			attributes = {
				LastSwiftUpdateCheck = 0830;
				LastUpgradeCheck = 0920;
				ORGANIZATIONNAME = TimePic;
				TargetAttributes = {
					BE148E371F0F131F001C8221 = {
						CreatedOnToolsVersion = 8.3.3;
						DevelopmentTeam = LPU355R3K7;
						LastSwiftMigration = 0920;
						ProvisioningStyle = Automatic;
					};
					BE148E4B1F0F1320001C8221 = {
						CreatedOnToolsVersion = 8.3.3;
						DevelopmentTeam = LPU355R3K7;
						LastSwiftMigration = 0920;
						ProvisioningStyle = Automatic;
						TestTargetID = BE148E371F0F131F001C8221;
					};
					BE148E561F0F1320001C8221 = {
						CreatedOnToolsVersion = 8.3.3;
						DevelopmentTeam = LPU355R3K7;
						LastSwiftMigration = 0920;
						ProvisioningStyle = Automatic;
						TestTargetID = BE148E371F0F131F001C8221;
					};
				};
			};
			buildConfigurationList = BE148E331F0F131F001C8221 /* Build configuration list for PBXProject "TotoroTalk" */;
			compatibilityVersion = "Xcode 3.2";
			developmentRegion = English;
			hasScannedForEncodings = 0;
			knownRegions = (
				en,
				Base,
			);
			mainGroup = BE148E2F1F0F131F001C8221;
			productRefGroup = BE148E391F0F1320001C8221 /* Products */;
			projectDirPath = "";
			projectRoot = "";
			targets = (
				BE148E371F0F131F001C8221 /* TotoroTalk */,
				BE148E4B1F0F1320001C8221 /* TotoroTalkTests */,
				BE148E561F0F1320001C8221 /* TotoroTalkUITests */,
			);
		};
/* End PBXProject section */

/* Begin PBXResourcesBuildPhase section */
		BE148E361F0F131F001C8221 /* Resources */ = {
			isa = PBXResourcesBuildPhase;
			buildActionMask = 2147483647;
			files = (
				BE41538720771298007F85D3 /* warning_001.mp3 in Resources */,
				BE41538020771298007F85D3 /* dont_hurt_me_012.mp3 in Resources */,
				BE41538120771298007F85D3 /* protest_013.mp3 in Resources */,
				BE41538520771298007F85D3 /* feed_pet_009.mp3 in Resources */,
				BE41537D20771298007F85D3 /* marriage_despute_002.mp3 in Resources */,
				BE41538420771298007F85D3 /* bb_want_feed_care_003.mp3 in Resources */,
				BE52917E2077620E00060044 /* Assets.xcassets in Resources */,
				BE41538320771298007F85D3 /* defence_014.mp3 in Resources */,
				BE148E461F0F1320001C8221 /* LaunchScreen.storyboard in Resources */,
				BE41538620771298007F85D3 /* bb_sleepy_006.mp3 in Resources */,
				BE41538920771298007F85D3 /* call_partner_010.mp3 in Resources */,
				BE41538A20771298007F85D3 /* lonely_010.mp3 in Resources */,
				BE41538820771298007F85D3 /* bb_wakeup_007.mp3 in Resources */,
				BE41537E20771298007F85D3 /* bb_happy_005.mp3 in Resources */,
				BE41538220771298007F85D3 /* mother_answer_bb_feed_care_004.mp3 in Resources */,
				BE41537F20771298007F85D3 /* contact_008.mp3 in Resources */,
				BE148E411F0F1320001C8221 /* Main.storyboard in Resources */,
			);
			runOnlyForDeploymentPostprocessing = 0;
		};
		BE148E4A1F0F1320001C8221 /* Resources */ = {
			isa = PBXResourcesBuildPhase;
			buildActionMask = 2147483647;
			files = (
			);
			runOnlyForDeploymentPostprocessing = 0;
		};
		BE148E551F0F1320001C8221 /* Resources */ = {
			isa = PBXResourcesBuildPhase;
			buildActionMask = 2147483647;
			files = (
			);
			runOnlyForDeploymentPostprocessing = 0;
		};
/* End PBXResourcesBuildPhase section */

/* Begin PBXSourcesBuildPhase section */
		BE148E341F0F131F001C8221 /* Sources */ = {
			isa = PBXSourcesBuildPhase;
			buildActionMask = 2147483647;
			files = (
				BED3D1411F107DF0007DB48B /* TPSound.swift in Sources */,
				BED3D13E1F107C9C007DB48B /* SoundPlayModalViewController.swift in Sources */,
				BE148E3E1F0F1320001C8221 /* ViewController.swift in Sources */,
				BE41538C207755E5007F85D3 /* TPSOundButton.swift in Sources */,
				BE148E6E1F0F8B04001C8221 /* SoundControl.swift in Sources */,
				BE148E3C1F0F1320001C8221 /* AppDelegate.swift in Sources */,
				BE41536E20770676007F85D3 /* BaseConstants.swift in Sources */,
			);
			runOnlyForDeploymentPostprocessing = 0;
		};
		BE148E481F0F1320001C8221 /* Sources */ = {
			isa = PBXSourcesBuildPhase;
			buildActionMask = 2147483647;
			files = (
				BE148E511F0F1320001C8221 /* TotoroTalkTests.swift in Sources */,
			);
			runOnlyForDeploymentPostprocessing = 0;
		};
		BE148E531F0F1320001C8221 /* Sources */ = {
			isa = PBXSourcesBuildPhase;
			buildActionMask = 2147483647;
			files = (
				BE148E5C1F0F1320001C8221 /* TotoroTalkUITests.swift in Sources */,
			);
			runOnlyForDeploymentPostprocessing = 0;
		};
/* End PBXSourcesBuildPhase section */

/* Begin PBXTargetDependency section */
		BE148E4E1F0F1320001C8221 /* PBXTargetDependency */ = {
			isa = PBXTargetDependency;
			target = BE148E371F0F131F001C8221 /* TotoroTalk */;
			targetProxy = BE148E4D1F0F1320001C8221 /* PBXContainerItemProxy */;
		};
		BE148E591F0F1320001C8221 /* PBXTargetDependency */ = {
			isa = PBXTargetDependency;
			target = BE148E371F0F131F001C8221 /* TotoroTalk */;
			targetProxy = BE148E581F0F1320001C8221 /* PBXContainerItemProxy */;
		};
/* End PBXTargetDependency section */

/* Begin PBXVariantGroup section */
		BE148E3F1F0F1320001C8221 /* Main.storyboard */ = {
			isa = PBXVariantGroup;
			children = (
				BE148E401F0F1320001C8221 /* Base */,
				BE5291802077928D00060044 /* zh-Hans */,
			);
			name = Main.storyboard;
			sourceTree = "<group>";
		};
		BE148E441F0F1320001C8221 /* LaunchScreen.storyboard */ = {
			isa = PBXVariantGroup;
			children = (
				BE148E451F0F1320001C8221 /* Base */,
				BE52917F2077928D00060044 /* zh-Hans */,
			);
			name = LaunchScreen.storyboard;
			sourceTree = "<group>";
		};
/* End PBXVariantGroup section */

/* Begin XCBuildConfiguration section */
		BE148E5E1F0F1320001C8221 /* Debug */ = {
			isa = XCBuildConfiguration;
			buildSettings = {
				ALWAYS_SEARCH_USER_PATHS = NO;
				CLANG_ANALYZER_LOCALIZABILITY_NONLOCALIZED = YES;
				CLANG_ANALYZER_NONNULL = YES;
				CLANG_ANALYZER_NUMBER_OBJECT_CONVERSION = YES_AGGRESSIVE;
				CLANG_CXX_LANGUAGE_STANDARD = "gnu++0x";
				CLANG_CXX_LIBRARY = "libc++";
				CLANG_ENABLE_MODULES = YES;
				CLANG_ENABLE_OBJC_ARC = YES;
				CLANG_WARN_BLOCK_CAPTURE_AUTORELEASING = YES;
				CLANG_WARN_BOOL_CONVERSION = YES;
				CLANG_WARN_COMMA = YES;
				CLANG_WARN_CONSTANT_CONVERSION = YES;
				CLANG_WARN_DIRECT_OBJC_ISA_USAGE = YES_ERROR;
				CLANG_WARN_DOCUMENTATION_COMMENTS = YES;
				CLANG_WARN_EMPTY_BODY = YES;
				CLANG_WARN_ENUM_CONVERSION = YES;
				CLANG_WARN_INFINITE_RECURSION = YES;
				CLANG_WARN_INT_CONVERSION = YES;
				CLANG_WARN_NON_LITERAL_NULL_CONVERSION = YES;
				CLANG_WARN_OBJC_LITERAL_CONVERSION = YES;
				CLANG_WARN_OBJC_ROOT_CLASS = YES_ERROR;
				CLANG_WARN_RANGE_LOOP_ANALYSIS = YES;
				CLANG_WARN_STRICT_PROTOTYPES = YES;
				CLANG_WARN_SUSPICIOUS_MOVE = YES;
				CLANG_WARN_UNREACHABLE_CODE = YES;
				CLANG_WARN__DUPLICATE_METHOD_MATCH = YES;
				"CODE_SIGN_IDENTITY[sdk=iphoneos*]" = "iPhone Developer";
				COPY_PHASE_STRIP = NO;
				DEBUG_INFORMATION_FORMAT = dwarf;
				ENABLE_STRICT_OBJC_MSGSEND = YES;
				ENABLE_TESTABILITY = YES;
				GCC_C_LANGUAGE_STANDARD = gnu99;
				GCC_DYNAMIC_NO_PIC = NO;
				GCC_NO_COMMON_BLOCKS = YES;
				GCC_OPTIMIZATION_LEVEL = 0;
				GCC_PREPROCESSOR_DEFINITIONS = (
					"DEBUG=1",
					"$(inherited)",
				);
				GCC_WARN_64_TO_32_BIT_CONVERSION = YES;
				GCC_WARN_ABOUT_RETURN_TYPE = YES_ERROR;
				GCC_WARN_UNDECLARED_SELECTOR = YES;
				GCC_WARN_UNINITIALIZED_AUTOS = YES_AGGRESSIVE;
				GCC_WARN_UNUSED_FUNCTION = YES;
				GCC_WARN_UNUSED_VARIABLE = YES;
				IPHONEOS_DEPLOYMENT_TARGET = 10.3;
				MTL_ENABLE_DEBUG_INFO = YES;
				ONLY_ACTIVE_ARCH = YES;
				SDKROOT = iphoneos;
				SWIFT_ACTIVE_COMPILATION_CONDITIONS = DEBUG;
				SWIFT_OPTIMIZATION_LEVEL = "-Onone";
				TARGETED_DEVICE_FAMILY = "1,2";
			};
			name = Debug;
		};
		BE148E5F1F0F1320001C8221 /* Release */ = {
			isa = XCBuildConfiguration;
			buildSettings = {
				ALWAYS_SEARCH_USER_PATHS = NO;
				CLANG_ANALYZER_LOCALIZABILITY_NONLOCALIZED = YES;
				CLANG_ANALYZER_NONNULL = YES;
				CLANG_ANALYZER_NUMBER_OBJECT_CONVERSION = YES_AGGRESSIVE;
				CLANG_CXX_LANGUAGE_STANDARD = "gnu++0x";
				CLANG_CXX_LIBRARY = "libc++";
				CLANG_ENABLE_MODULES = YES;
				CLANG_ENABLE_OBJC_ARC = YES;
				CLANG_WARN_BLOCK_CAPTURE_AUTORELEASING = YES;
				CLANG_WARN_BOOL_CONVERSION = YES;
				CLANG_WARN_COMMA = YES;
				CLANG_WARN_CONSTANT_CONVERSION = YES;
				CLANG_WARN_DIRECT_OBJC_ISA_USAGE = YES_ERROR;
				CLANG_WARN_DOCUMENTATION_COMMENTS = YES;
				CLANG_WARN_EMPTY_BODY = YES;
				CLANG_WARN_ENUM_CONVERSION = YES;
				CLANG_WARN_INFINITE_RECURSION = YES;
				CLANG_WARN_INT_CONVERSION = YES;
				CLANG_WARN_NON_LITERAL_NULL_CONVERSION = YES;
				CLANG_WARN_OBJC_LITERAL_CONVERSION = YES;
				CLANG_WARN_OBJC_ROOT_CLASS = YES_ERROR;
				CLANG_WARN_RANGE_LOOP_ANALYSIS = YES;
				CLANG_WARN_STRICT_PROTOTYPES = YES;
				CLANG_WARN_SUSPICIOUS_MOVE = YES;
				CLANG_WARN_UNREACHABLE_CODE = YES;
				CLANG_WARN__DUPLICATE_METHOD_MATCH = YES;
				"CODE_SIGN_IDENTITY[sdk=iphoneos*]" = "iPhone Developer";
				COPY_PHASE_STRIP = NO;
				DEBUG_INFORMATION_FORMAT = "dwarf-with-dsym";
				ENABLE_NS_ASSERTIONS = NO;
				ENABLE_STRICT_OBJC_MSGSEND = YES;
				GCC_C_LANGUAGE_STANDARD = gnu99;
				GCC_NO_COMMON_BLOCKS = YES;
				GCC_WARN_64_TO_32_BIT_CONVERSION = YES;
				GCC_WARN_ABOUT_RETURN_TYPE = YES_ERROR;
				GCC_WARN_UNDECLARED_SELECTOR = YES;
				GCC_WARN_UNINITIALIZED_AUTOS = YES_AGGRESSIVE;
				GCC_WARN_UNUSED_FUNCTION = YES;
				GCC_WARN_UNUSED_VARIABLE = YES;
				IPHONEOS_DEPLOYMENT_TARGET = 10.3;
				MTL_ENABLE_DEBUG_INFO = NO;
				SDKROOT = iphoneos;
				SWIFT_OPTIMIZATION_LEVEL = "-Owholemodule";
				TARGETED_DEVICE_FAMILY = "1,2";
				VALIDATE_PRODUCT = YES;
			};
			name = Release;
		};
		BE148E611F0F1320001C8221 /* Debug */ = {
			isa = XCBuildConfiguration;
			buildSettings = {
				ASSETCATALOG_COMPILER_APPICON_NAME = AppIcon;
				DEVELOPMENT_TEAM = LPU355R3K7;
				INFOPLIST_FILE = TotoroTalk/Info.plist;
				LD_RUNPATH_SEARCH_PATHS = "$(inherited) @executable_path/Frameworks";
				PRODUCT_BUNDLE_IDENTIFIER = com.timepic.TotoroTalk;
				PRODUCT_NAME = "$(TARGET_NAME)";
				SWIFT_SWIFT3_OBJC_INFERENCE = On;
				SWIFT_VERSION = 4.0;
			};
			name = Debug;
		};
		BE148E621F0F1320001C8221 /* Release */ = {
			isa = XCBuildConfiguration;
			buildSettings = {
				ASSETCATALOG_COMPILER_APPICON_NAME = AppIcon;
				DEVELOPMENT_TEAM = LPU355R3K7;
				INFOPLIST_FILE = TotoroTalk/Info.plist;
				LD_RUNPATH_SEARCH_PATHS = "$(inherited) @executable_path/Frameworks";
				PRODUCT_BUNDLE_IDENTIFIER = com.timepic.TotoroTalk;
				PRODUCT_NAME = "$(TARGET_NAME)";
				SWIFT_SWIFT3_OBJC_INFERENCE = On;
				SWIFT_VERSION = 4.0;
			};
			name = Release;
		};
		BE148E641F0F1320001C8221 /* Debug */ = {
			isa = XCBuildConfiguration;
			buildSettings = {
				ALWAYS_EMBED_SWIFT_STANDARD_LIBRARIES = YES;
				BUNDLE_LOADER = "$(TEST_HOST)";
				DEVELOPMENT_TEAM = LPU355R3K7;
				INFOPLIST_FILE = TotoroTalkTests/Info.plist;
				LD_RUNPATH_SEARCH_PATHS = "$(inherited) @executable_path/Frameworks @loader_path/Frameworks";
				PRODUCT_BUNDLE_IDENTIFIER = com.timepic.TotoroTalkTests;
				PRODUCT_NAME = "$(TARGET_NAME)";
				SWIFT_SWIFT3_OBJC_INFERENCE = On;
				SWIFT_VERSION = 4.0;
				TEST_HOST = "$(BUILT_PRODUCTS_DIR)/TotoroTalk.app/TotoroTalk";
			};
			name = Debug;
		};
		BE148E651F0F1320001C8221 /* Release */ = {
			isa = XCBuildConfiguration;
			buildSettings = {
				ALWAYS_EMBED_SWIFT_STANDARD_LIBRARIES = YES;
				BUNDLE_LOADER = "$(TEST_HOST)";
				DEVELOPMENT_TEAM = LPU355R3K7;
				INFOPLIST_FILE = TotoroTalkTests/Info.plist;
				LD_RUNPATH_SEARCH_PATHS = "$(inherited) @executable_path/Frameworks @loader_path/Frameworks";
				PRODUCT_BUNDLE_IDENTIFIER = com.timepic.TotoroTalkTests;
				PRODUCT_NAME = "$(TARGET_NAME)";
				SWIFT_SWIFT3_OBJC_INFERENCE = On;
				SWIFT_VERSION = 4.0;
				TEST_HOST = "$(BUILT_PRODUCTS_DIR)/TotoroTalk.app/TotoroTalk";
			};
			name = Release;
		};
		BE148E671F0F1320001C8221 /* Debug */ = {
			isa = XCBuildConfiguration;
			buildSettings = {
				ALWAYS_EMBED_SWIFT_STANDARD_LIBRARIES = YES;
				DEVELOPMENT_TEAM = LPU355R3K7;
				INFOPLIST_FILE = TotoroTalkUITests/Info.plist;
				LD_RUNPATH_SEARCH_PATHS = "$(inherited) @executable_path/Frameworks @loader_path/Frameworks";
				PRODUCT_BUNDLE_IDENTIFIER = com.timepic.TotoroTalkUITests;
				PRODUCT_NAME = "$(TARGET_NAME)";
				SWIFT_SWIFT3_OBJC_INFERENCE = On;
				SWIFT_VERSION = 4.0;
				TEST_TARGET_NAME = TotoroTalk;
			};
			name = Debug;
		};
		BE148E681F0F1320001C8221 /* Release */ = {
			isa = XCBuildConfiguration;
			buildSettings = {
				ALWAYS_EMBED_SWIFT_STANDARD_LIBRARIES = YES;
				DEVELOPMENT_TEAM = LPU355R3K7;
				INFOPLIST_FILE = TotoroTalkUITests/Info.plist;
				LD_RUNPATH_SEARCH_PATHS = "$(inherited) @executable_path/Frameworks @loader_path/Frameworks";
				PRODUCT_BUNDLE_IDENTIFIER = com.timepic.TotoroTalkUITests;
				PRODUCT_NAME = "$(TARGET_NAME)";
				SWIFT_SWIFT3_OBJC_INFERENCE = On;
				SWIFT_VERSION = 4.0;
				TEST_TARGET_NAME = TotoroTalk;
			};
			name = Release;
		};
/* End XCBuildConfiguration section */

/* Begin XCConfigurationList section */
		BE148E331F0F131F001C8221 /* Build configuration list for PBXProject "TotoroTalk" */ = {
			isa = XCConfigurationList;
			buildConfigurations = (
				BE148E5E1F0F1320001C8221 /* Debug */,
				BE148E5F1F0F1320001C8221 /* Release */,
			);
			defaultConfigurationIsVisible = 0;
			defaultConfigurationName = Release;
		};
		BE148E601F0F1320001C8221 /* Build configuration list for PBXNativeTarget "TotoroTalk" */ = {
			isa = XCConfigurationList;
			buildConfigurations = (
				BE148E611F0F1320001C8221 /* Debug */,
				BE148E621F0F1320001C8221 /* Release */,
			);
			defaultConfigurationIsVisible = 0;
			defaultConfigurationName = Release;
		};
		BE148E631F0F1320001C8221 /* Build configuration list for PBXNativeTarget "TotoroTalkTests" */ = {
			isa = XCConfigurationList;
			buildConfigurations = (
				BE148E641F0F1320001C8221 /* Debug */,
				BE148E651F0F1320001C8221 /* Release */,
			);
			defaultConfigurationIsVisible = 0;
			defaultConfigurationName = Release;
		};
		BE148E661F0F1320001C8221 /* Build configuration list for PBXNativeTarget "TotoroTalkUITests" */ = {
			isa = XCConfigurationList;
			buildConfigurations = (
				BE148E671F0F1320001C8221 /* Debug */,
				BE148E681F0F1320001C8221 /* Release */,
			);
			defaultConfigurationIsVisible = 0;
			defaultConfigurationName = Release;
		};
/* End XCConfigurationList section */
	};
	rootObject = BE148E301F0F131F001C8221 /* Project object */;
}
